{
  "name": "halo-theme-joe2.0",
  "version": "1.0.8",
  "lockfileVersion": 1,
  "requires": true,
  "dependencies": {
    "font-awesome-animation": {
      "version": "1.1.1",
      "resolved": "https://registry.npmmirror.com/font-awesome-animation/download/font-awesome-animation-1.1.1.tgz",
      "integrity": "sha1-+n5oXBYwNNWaIrVlrx2EjT94ZrY="
    }
  }
}
